
Microsoft Visual Studio Solution File, Format Version 12.00
# Visual Studio Version 17
VisualStudioVersion = 17.5.33502.453
MinimumVisualStudioVersion = 10.0.40219.1
Project("{FAE04EC0-301F-11D3-BF4B-00C04F79EFBC}") = "ContactInfoManagementSystem", "ContactInfoManagementSystem\ContactInfoManagementSystem.csproj", "{837F7371-6A8B-47E3-9138-111A59E21DF5}"
EndProject
Global
	GlobalSection(SolutionConfigurationPlatforms) = preSolution
		Debug|Any CPU = Debug|Any CPU
		Release|Any CPU = Release|Any CPU
	EndGlobalSection
	GlobalSection(ProjectConfigurationPlatforms) = postSolution
		{837F7371-6A8B-47E3-9138-111A59E21DF5}.Debug|Any CPU.ActiveCfg = Debug|Any CPU
		{837F7371-6A8B-47E3-9138-111A59E21DF5}.Debug|Any CPU.Build.0 = Debug|Any CPU
		{837F7371-6A8B-47E3-9138-111A59E21DF5}.Release|Any CPU.ActiveCfg = Release|Any CPU
		{837F7371-6A8B-47E3-9138-111A59E21DF5}.Release|Any CPU.Build.0 = Release|Any CPU
	EndGlobalSection
	GlobalSection(SolutionProperties) = preSolution
		HideSolutionNode = FALSE
	EndGlobalSection
	GlobalSection(ExtensibilityGlobals) = postSolution
		SolutionGuid = {58E563FC-072D-48A7-B294-E1E31D9917CE}
	EndGlobalSection
EndGlobal
